<?xml version="1.0" encoding="utf-8"?>
<Project ToolsVersion="4.0" xmlns="http://schemas.microsoft.com/developer/msbuild/2003">
  <ItemGroup>
    <ClCompile Include="main.cpp" />
    <ClCompile Include="practice\data_register_eax.cpp">
      <Filter>practice\00_data_register</Filter>
    </ClCompile>
    <ClCompile Include="practice\mnemonic_add.cpp">
      <Filter>practice\01_mnemonic_01</Filter>
    </ClCompile>
    <ClCompile Include="practice\mnemonic_div.cpp">
      <Filter>practice\01_mnemonic_01</Filter>
    </ClCompile>
    <ClCompile Include="practice\mnemonic_mul.cpp">
      <Filter>practice\01_mnemonic_01</Filter>
    </ClCompile>
    <ClCompile Include="practice\mnemonic_sub.cpp">
      <Filter>practice\01_mnemonic_01</Filter>
    </ClCompile>
    <ClCompile Include="practice\loop.cpp">
      <Filter>practice\02_loop%28 to do %29</Filter>
    </ClCompile>
    <ClCompile Include="practice\mnemonic_bit_shl.cpp">
      <Filter>practice\01_mnemonic_02</Filter>
    </ClCompile>
    <ClCompile Include="practice\mnemonic_dec.cpp">
      <Filter>practice\01_mnemonic_01</Filter>
    </ClCompile>
    <ClCompile Include="practice\mnemonic_inc.cpp">
      <Filter>practice\01_mnemonic_01</Filter>
    </ClCompile>
    <ClCompile Include="practice\mnemonic_bit_shr.cpp">
      <Filter>practice\01_mnemonic_02</Filter>
    </ClCompile>
  </ItemGroup>
  <ItemGroup>
    <Filter Include="practice">
      <UniqueIdentifier>{79c4bd83-31f9-4772-8d58-b8a36e7c63bf}</UniqueIdentifier>
    </Filter>
    <Filter Include="practice\00_data_register">
      <UniqueIdentifier>{671e699d-6e93-4be6-b3cc-5b15c6b90b16}</UniqueIdentifier>
    </Filter>
    <Filter Include="practice\01_mnemonic_02">
      <UniqueIdentifier>{5796b913-3c84-4396-8252-2ffee1b33d1a}</UniqueIdentifier>
    </Filter>
    <Filter Include="practice\01_mnemonic_01">
      <UniqueIdentifier>{ba4e8985-8f7c-4540-8a53-c75e6ccaae22}</UniqueIdentifier>
    </Filter>
    <Filter Include="practice\02_loop%28 to do %29">
      <UniqueIdentifier>{d3beaa99-0a30-4353-bdc1-8814d6b4be07}</UniqueIdentifier>
    </Filter>
  </ItemGroup>
  <ItemGroup>
    <ClInclude Include="practice\data_register_eax.h">
      <Filter>practice\00_data_register</Filter>
    </ClInclude>
    <ClInclude Include="practice\mnemonic_add.h">
      <Filter>practice\01_mnemonic_01</Filter>
    </ClInclude>
    <ClInclude Include="practice\mnemonic_div.h">
      <Filter>practice\01_mnemonic_01</Filter>
    </ClInclude>
    <ClInclude Include="practice\mnemonic_div_test.h">
      <Filter>practice\01_mnemonic_01</Filter>
    </ClInclude>
    <ClInclude Include="practice\mnemonic_mul.h">
      <Filter>practice\01_mnemonic_01</Filter>
    </ClInclude>
    <ClInclude Include="practice\mnemonic_mul_test.h">
      <Filter>practice\01_mnemonic_01</Filter>
    </ClInclude>
    <ClInclude Include="practice\mnemonic_sub.h">
      <Filter>practice\01_mnemonic_01</Filter>
    </ClInclude>
    <ClInclude Include="practice\mnemonic_add_test.h">
      <Filter>practice\01_mnemonic_01</Filter>
    </ClInclude>
    <ClInclude Include="practice\mnemonic_sub_test.h">
      <Filter>practice\01_mnemonic_01</Filter>
    </ClInclude>
    <ClInclude Include="practice\data_register_eax_test.h">
      <Filter>practice\00_data_register</Filter>
    </ClInclude>
    <ClInclude Include="practice\loop.h">
      <Filter>practice\02_loop%28 to do %29</Filter>
    </ClInclude>
    <ClInclude Include="practice\loop_test.h">
      <Filter>practice\02_loop%28 to do %29</Filter>
    </ClInclude>
    <ClInclude Include="practice\mnemonic_bit_shl.h">
      <Filter>practice\01_mnemonic_02</Filter>
    </ClInclude>
    <ClInclude Include="practice\mnemonic_bit_shl_test.h">
      <Filter>practice\01_mnemonic_02</Filter>
    </ClInclude>
    <ClInclude Include="practice\mnemonic_dec.h">
      <Filter>practice\01_mnemonic_01</Filter>
    </ClInclude>
    <ClInclude Include="practice\mnemonic_dec_test.h">
      <Filter>practice\01_mnemonic_01</Filter>
    </ClInclude>
    <ClInclude Include="practice\mnemonic_inc.h">
      <Filter>practice\01_mnemonic_01</Filter>
    </ClInclude>
    <ClInclude Include="practice\mnemonic_inc_test.h">
      <Filter>practice\01_mnemonic_01</Filter>
    </ClInclude>
    <ClInclude Include="practice\mnemonic_bit_shr.h">
      <Filter>practice\01_mnemonic_02</Filter>
    </ClInclude>
    <ClInclude Include="practice\mnemonic_bit_shr_test.h">
      <Filter>practice\01_mnemonic_02</Filter>
    </ClInclude>
  </ItemGroup>
</Project>